{
  "name": "VueJS-Tikiapp",
  "lockfileVersion": 2,
  "requires": true,
  "packages": {
    "": {
      "dependencies": {
        "vue-sweetalert2": "^5.0.2"
      }
    },
    "node_modules/sweetalert2": {
      "version": "11.3.3",
      "resolved": "https://registry.npmjs.org/sweetalert2/-/sweetalert2-11.3.3.tgz",
      "integrity": "sha512-10Keqbmjng/+XpkpSOQ6dttpztl7XNohjnpC6bX6XFgm0WpRXM81YE0wmonGYOP6uyzd76vpfnZS04PdVvO31Q==",
      "funding": {
        "url": "https://sweetalert2.github.io/#donations"
      }
    },
    "node_modules/vue": {
      "version": "2.6.14",
      "resolved": "https://registry.npmjs.org/vue/-/vue-2.6.14.tgz",
      "integrity": "sha512-x2284lgYvjOMj3Za7kqzRcUSxBboHqtgRE2zlos1qWaOye5yUmHn42LB1250NJBLRwEcdrB0JRwyPTEPhfQjiQ==",
      "peer": true
    },
    "node_modules/vue-sweetalert2": {
      "version": "5.0.2",
      "resolved": "https://registry.npmjs.org/vue-sweetalert2/-/vue-sweetalert2-5.0.2.tgz",
      "integrity": "sha512-28pcpmvaFxwoXIUkOWwhZhmsV749jXxha8JicwPoSKyFKR5FhIaZU6UHO5WlUCLIVUI6sAWY6WngK2x/iXYwZg==",
      "dependencies": {
        "sweetalert2": "11.x"
      },
      "peerDependencies": {
        "vue": "*"
      }
    }
  },
  "dependencies": {
    "sweetalert2": {
      "version": "11.3.3",
      "resolved": "https://registry.npmjs.org/sweetalert2/-/sweetalert2-11.3.3.tgz",
      "integrity": "sha512-10Keqbmjng/+XpkpSOQ6dttpztl7XNohjnpC6bX6XFgm0WpRXM81YE0wmonGYOP6uyzd76vpfnZS04PdVvO31Q=="
    },
    "vue": {
      "version": "2.6.14",
      "resolved": "https://registry.npmjs.org/vue/-/vue-2.6.14.tgz",
      "integrity": "sha512-x2284lgYvjOMj3Za7kqzRcUSxBboHqtgRE2zlos1qWaOye5yUmHn42LB1250NJBLRwEcdrB0JRwyPTEPhfQjiQ==",
      "peer": true
    },
    "vue-sweetalert2": {
      "version": "5.0.2",
      "resolved": "https://registry.npmjs.org/vue-sweetalert2/-/vue-sweetalert2-5.0.2.tgz",
      "integrity": "sha512-28pcpmvaFxwoXIUkOWwhZhmsV749jXxha8JicwPoSKyFKR5FhIaZU6UHO5WlUCLIVUI6sAWY6WngK2x/iXYwZg==",
      "requires": {
        "sweetalert2": "11.x"
      }
    }
  }
}
